
Microsoft Visual Studio Solution File, Format Version 12.00
# Visual Studio Version 17
VisualStudioVersion = 17.13.35931.197
MinimumVisualStudioVersion = 10.0.40219.1
Project("{FAE04EC0-301F-11D3-BF4B-00C04F79EFBC}") = "Lucy_SalesData.DAL", "DataAccess\Lucy_SalesData.DAL.csproj", "{84A7CE95-21AA-45BD-825C-7561864490D2}"
EndProject
Project("{FAE04EC0-301F-11D3-BF4B-00C04F79EFBC}") = "Lucy_SalesData.BLL", "Business\Lucy_SalesData.BLL.csproj", "{F34E2CA4-2BD4-4742-8F51-CA59FCDFF4A7}"
EndProject
Project("{FAE04EC0-301F-11D3-BF4B-00C04F79EFBC}") = "ChuNhatLamWPF", "ChuNhatLamWPF\ChuNhatLamWPF.csproj", "{C12C75ED-BEC0-4979-A66C-AF47E74593B2}"
EndProject
Global
	GlobalSection(SolutionConfigurationPlatforms) = preSolution
		Debug|Any CPU = Debug|Any CPU
		Release|Any CPU = Release|Any CPU
	EndGlobalSection
	GlobalSection(ProjectConfigurationPlatforms) = postSolution
		{84A7CE95-21AA-45BD-825C-7561864490D2}.Debug|Any CPU.ActiveCfg = Debug|Any CPU
		{84A7CE95-21AA-45BD-825C-7561864490D2}.Debug|Any CPU.Build.0 = Debug|Any CPU
		{84A7CE95-21AA-45BD-825C-7561864490D2}.Release|Any CPU.ActiveCfg = Release|Any CPU
		{84A7CE95-21AA-45BD-825C-7561864490D2}.Release|Any CPU.Build.0 = Release|Any CPU
		{F34E2CA4-2BD4-4742-8F51-CA59FCDFF4A7}.Debug|Any CPU.ActiveCfg = Debug|Any CPU
		{F34E2CA4-2BD4-4742-8F51-CA59FCDFF4A7}.Debug|Any CPU.Build.0 = Debug|Any CPU
		{F34E2CA4-2BD4-4742-8F51-CA59FCDFF4A7}.Release|Any CPU.ActiveCfg = Release|Any CPU
		{F34E2CA4-2BD4-4742-8F51-CA59FCDFF4A7}.Release|Any CPU.Build.0 = Release|Any CPU
		{C12C75ED-BEC0-4979-A66C-AF47E74593B2}.Debug|Any CPU.ActiveCfg = Debug|Any CPU
		{C12C75ED-BEC0-4979-A66C-AF47E74593B2}.Debug|Any CPU.Build.0 = Debug|Any CPU
		{C12C75ED-BEC0-4979-A66C-AF47E74593B2}.Release|Any CPU.ActiveCfg = Release|Any CPU
		{C12C75ED-BEC0-4979-A66C-AF47E74593B2}.Release|Any CPU.Build.0 = Release|Any CPU
	EndGlobalSection
	GlobalSection(SolutionProperties) = preSolution
		HideSolutionNode = FALSE
	EndGlobalSection
	GlobalSection(ExtensibilityGlobals) = postSolution
		SolutionGuid = {4A4B33E6-5FA5-48BC-9850-EB68D07EFE8F}
	EndGlobalSection
EndGlobal
